// !$*UTF8*$!
{
	archiveVersion = 1;
	classes = {
	};
	objectVersion = 50;
	objects = {

/* Begin PBXBuildFile section */
		352C50CC224CB83600396171 /* Tweak.xmi in Sources */ = {isa = PBXBuildFile; fileRef = 352C50C6224CB1E200396171 /* Tweak.xmi */; };
		352C50D0224CCF4300396171 /* WBMsgManager.mm in Sources */ = {isa = PBXBuildFile; fileRef = 352C50CF224CCF4300396171 /* WBMsgManager.mm */; };
		352C51262255F58A00396171 /* WCBFWDynamic.framework in Frameworks */ = {isa = PBXBuildFile; fileRef = 352C51242255F58A00396171 /* WCBFWDynamic.framework */; };
		352C51272255F58A00396171 /* WCBFWStatic.framework in Frameworks */ = {isa = PBXBuildFile; fileRef = 352C51252255F58A00396171 /* WCBFWStatic.framework */; };
		353302B32255F82B00969DFC /* libWCBStatic.a in Frameworks */ = {isa = PBXBuildFile; fileRef = 353302B22255F82B00969DFC /* libWCBStatic.a */; };
/* End PBXBuildFile section */

/* Begin PBXCopyFilesBuildPhase section */
		352C50B0224CAFAD00396171 /* CopyFiles */ = {
			isa = PBXCopyFilesBuildPhase;
			buildActionMask = 2147483647;
			dstPath = "include/$(PRODUCT_NAME)";
			dstSubfolderSpec = 16;
			files = (
			);
			runOnlyForDeploymentPostprocessing = 0;
		};
/* End PBXCopyFilesBuildPhase section */

/* Begin PBXFileReference section */
		352C50B2224CAFAD00396171 /* libWeChatBot.a */ = {isa = PBXFileReference; explicitFileType = archive.ar; includeInIndex = 0; path = libWeChatBot.a; sourceTree = BUILT_PRODUCTS_DIR; };
		352C50C3224CB1D100396171 /* WeChatBot.plist */ = {isa = PBXFileReference; lastKnownFileType = text.plist; path = WeChatBot.plist; sourceTree = "<group>"; };
		352C50C4224CB1D100396171 /* control */ = {isa = PBXFileReference; lastKnownFileType = text; path = control; sourceTree = "<group>"; };
		352C50C5224CB1D100396171 /* Makefile */ = {isa = PBXFileReference; lastKnownFileType = sourcecode.make; path = Makefile; sourceTree = "<group>"; };
		352C50C6224CB1E200396171 /* Tweak.xmi */ = {isa = PBXFileReference; explicitFileType = sourcecode.cpp.objcpp; fileEncoding = 4; path = Tweak.xmi; sourceTree = SOURCE_ROOT; };
		352C50C8224CB68D00396171 /* xctheos.h */ = {isa = PBXFileReference; fileEncoding = 4; lastKnownFileType = sourcecode.c.h; path = xctheos.h; sourceTree = "<group>"; };
		352C50C9224CB6C500396171 /* wechatbot-prefix-header.h */ = {isa = PBXFileReference; lastKnownFileType = sourcecode.c.h; path = "wechatbot-prefix-header.h"; sourceTree = "<group>"; };
		352C50CB224CB7E100396171 /* MicroMessengerAppDelegate.h */ = {isa = PBXFileReference; lastKnownFileType = sourcecode.c.h; path = MicroMessengerAppDelegate.h; sourceTree = "<group>"; };
		352C50CF224CCF4300396171 /* WBMsgManager.mm */ = {isa = PBXFileReference; lastKnownFileType = sourcecode.cpp.objcpp; path = WBMsgManager.mm; sourceTree = "<group>"; };
		352C51242255F58A00396171 /* WCBFWDynamic.framework */ = {isa = PBXFileReference; lastKnownFileType = wrapper.framework; name = WCBFWDynamic.framework; path = Frameworks/WCBFWDynamic.framework; sourceTree = "<group>"; };
		352C51252255F58A00396171 /* WCBFWStatic.framework */ = {isa = PBXFileReference; lastKnownFileType = wrapper.framework; name = WCBFWStatic.framework; path = Frameworks/WCBFWStatic.framework; sourceTree = "<group>"; };
		352C51282255F59500396171 /* WCBStatic */ = {isa = PBXFileReference; lastKnownFileType = folder; name = WCBStatic; path = Libraries/WCBStatic; sourceTree = "<group>"; };
		353302B22255F82B00969DFC /* libWCBStatic.a */ = {isa = PBXFileReference; lastKnownFileType = archive.ar; name = libWCBStatic.a; path = Libraries/WCBStatic/libWCBStatic.a; sourceTree = "<group>"; };
		353302C922560BFB00969DFC /* WCBDyLib */ = {isa = PBXFileReference; lastKnownFileType = folder; name = WCBDyLib; path = Libraries/WCBDyLib; sourceTree = "<group>"; };
/* End PBXFileReference section */

/* Begin PBXFrameworksBuildPhase section */
		352C50AF224CAFAD00396171 /* Frameworks */ = {
			isa = PBXFrameworksBuildPhase;
			buildActionMask = 2147483647;
			files = (
				353302B32255F82B00969DFC /* libWCBStatic.a in Frameworks */,
				352C51272255F58A00396171 /* WCBFWStatic.framework in Frameworks */,
				352C51262255F58A00396171 /* WCBFWDynamic.framework in Frameworks */,
			);
			runOnlyForDeploymentPostprocessing = 0;
		};
/* End PBXFrameworksBuildPhase section */

/* Begin PBXGroup section */
		352C50A9224CAFAD00396171 = {
			isa = PBXGroup;
			children = (
				352C50C2224CB1B800396171 /* Config */,
				352C50B4224CAFAD00396171 /* WeChatBot */,
				352C50C6224CB1E200396171 /* Tweak.xmi */,
				352C50B3224CAFAD00396171 /* Products */,
				352C50DA2255E67100396171 /* Frameworks */,
			);
			sourceTree = "<group>";
		};
		352C50B3224CAFAD00396171 /* Products */ = {
			isa = PBXGroup;
			children = (
				352C50B2224CAFAD00396171 /* libWeChatBot.a */,
			);
			name = Products;
			sourceTree = "<group>";
		};
		352C50B4224CAFAD00396171 /* WeChatBot */ = {
			isa = PBXGroup;
			children = (
				352C50BE224CB1A000396171 /* Classes */,
				352C50BF224CB1A000396171 /* Frameworks */,
				352C50C0224CB1A000396171 /* Headers */,
				352C50C1224CB1A000396171 /* ThirdLib */,
			);
			path = WeChatBot;
			sourceTree = "<group>";
		};
		352C50BE224CB1A000396171 /* Classes */ = {
			isa = PBXGroup;
			children = (
				352C50CF224CCF4300396171 /* WBMsgManager.mm */,
			);
			path = Classes;
			sourceTree = "<group>";
		};
		352C50BF224CB1A000396171 /* Frameworks */ = {
			isa = PBXGroup;
			children = (
			);
			path = Frameworks;
			sourceTree = "<group>";
		};
		352C50C0224CB1A000396171 /* Headers */ = {
			isa = PBXGroup;
			children = (
				352C50CA224CB6F900396171 /* wechatHeaders */,
				352C50C8224CB68D00396171 /* xctheos.h */,
				352C50C9224CB6C500396171 /* wechatbot-prefix-header.h */,
			);
			path = Headers;
			sourceTree = "<group>";
		};
		352C50C1224CB1A000396171 /* ThirdLib */ = {
			isa = PBXGroup;
			children = (
			);
			path = ThirdLib;
			sourceTree = "<group>";
		};
		352C50C2224CB1B800396171 /* Config */ = {
			isa = PBXGroup;
			children = (
				352C50C4224CB1D100396171 /* control */,
				352C50C5224CB1D100396171 /* Makefile */,
				352C50C3224CB1D100396171 /* WeChatBot.plist */,
			);
			name = Config;
			sourceTree = "<group>";
		};
		352C50CA224CB6F900396171 /* wechatHeaders */ = {
			isa = PBXGroup;
			children = (
				352C50CB224CB7E100396171 /* MicroMessengerAppDelegate.h */,
			);
			path = wechatHeaders;
			sourceTree = "<group>";
		};
		352C50DA2255E67100396171 /* Frameworks */ = {
			isa = PBXGroup;
			children = (
				353302C922560BFB00969DFC /* WCBDyLib */,
				353302B22255F82B00969DFC /* libWCBStatic.a */,
				352C51282255F59500396171 /* WCBStatic */,
				352C51242255F58A00396171 /* WCBFWDynamic.framework */,
				352C51252255F58A00396171 /* WCBFWStatic.framework */,
			);
			name = Frameworks;
			sourceTree = "<group>";
		};
/* End PBXGroup section */

/* Begin PBXNativeTarget section */
		352C50B1224CAFAD00396171 /* WeChatBot */ = {
			isa = PBXNativeTarget;
			buildConfigurationList = 352C50BB224CAFAD00396171 /* Build configuration list for PBXNativeTarget "WeChatBot" */;
			buildPhases = (
				352C50AE224CAFAD00396171 /* Sources */,
				352C50AF224CAFAD00396171 /* Frameworks */,
				352C50B0224CAFAD00396171 /* CopyFiles */,
			);
			buildRules = (
			);
			dependencies = (
			);
			name = WeChatBot;
			productName = WeChatBot;
			productReference = 352C50B2224CAFAD00396171 /* libWeChatBot.a */;
			productType = "com.apple.product-type.library.static";
		};
/* End PBXNativeTarget section */

/* Begin PBXProject section */
		352C50AA224CAFAD00396171 /* Project object */ = {
			isa = PBXProject;
			attributes = {
				LastUpgradeCheck = 1010;
				ORGANIZATIONNAME = wz;
				TargetAttributes = {
					352C50B1224CAFAD00396171 = {
						CreatedOnToolsVersion = 10.1;
					};
				};
			};
			buildConfigurationList = 352C50AD224CAFAD00396171 /* Build configuration list for PBXProject "WeChatBot" */;
			compatibilityVersion = "Xcode 9.3";
			developmentRegion = en;
			hasScannedForEncodings = 0;
			knownRegions = (
				en,
			);
			mainGroup = 352C50A9224CAFAD00396171;
			productRefGroup = 352C50B3224CAFAD00396171 /* Products */;
			projectDirPath = "";
			projectRoot = "";
			targets = (
				352C50B1224CAFAD00396171 /* WeChatBot */,
			);
		};
/* End PBXProject section */

/* Begin PBXSourcesBuildPhase section */
		352C50AE224CAFAD00396171 /* Sources */ = {
			isa = PBXSourcesBuildPhase;
			buildActionMask = 2147483647;
			files = (
				352C50D0224CCF4300396171 /* WBMsgManager.mm in Sources */,
				352C50CC224CB83600396171 /* Tweak.xmi in Sources */,
			);
			runOnlyForDeploymentPostprocessing = 0;
		};
/* End PBXSourcesBuildPhase section */

/* Begin XCBuildConfiguration section */
		352C50B9224CAFAD00396171 /* Debug */ = {
			isa = XCBuildConfiguration;
			buildSettings = {
				ALWAYS_SEARCH_USER_PATHS = NO;
				CLANG_ANALYZER_NONNULL = YES;
				CLANG_ANALYZER_NUMBER_OBJECT_CONVERSION = YES_AGGRESSIVE;
				CLANG_CXX_LANGUAGE_STANDARD = "gnu++14";
				CLANG_CXX_LIBRARY = "libc++";
				CLANG_ENABLE_MODULES = YES;
				CLANG_ENABLE_OBJC_ARC = YES;
				CLANG_ENABLE_OBJC_WEAK = YES;
				CLANG_WARN_BLOCK_CAPTURE_AUTORELEASING = YES;
				CLANG_WARN_BOOL_CONVERSION = YES;
				CLANG_WARN_COMMA = YES;
				CLANG_WARN_CONSTANT_CONVERSION = YES;
				CLANG_WARN_DEPRECATED_OBJC_IMPLEMENTATIONS = YES;
				CLANG_WARN_DIRECT_OBJC_ISA_USAGE = YES_ERROR;
				CLANG_WARN_DOCUMENTATION_COMMENTS = YES;
				CLANG_WARN_EMPTY_BODY = YES;
				CLANG_WARN_ENUM_CONVERSION = YES;
				CLANG_WARN_INFINITE_RECURSION = YES;
				CLANG_WARN_INT_CONVERSION = YES;
				CLANG_WARN_NON_LITERAL_NULL_CONVERSION = YES;
				CLANG_WARN_OBJC_IMPLICIT_RETAIN_SELF = YES;
				CLANG_WARN_OBJC_LITERAL_CONVERSION = YES;
				CLANG_WARN_OBJC_ROOT_CLASS = YES_ERROR;
				CLANG_WARN_RANGE_LOOP_ANALYSIS = YES;
				CLANG_WARN_STRICT_PROTOTYPES = YES;
				CLANG_WARN_SUSPICIOUS_MOVE = YES;
				CLANG_WARN_UNGUARDED_AVAILABILITY = YES_AGGRESSIVE;
				CLANG_WARN_UNREACHABLE_CODE = YES;
				CLANG_WARN__DUPLICATE_METHOD_MATCH = YES;
				CODE_SIGN_IDENTITY = "iPhone Developer";
				COPY_PHASE_STRIP = NO;
				DEBUG_INFORMATION_FORMAT = dwarf;
				ENABLE_STRICT_OBJC_MSGSEND = YES;
				ENABLE_TESTABILITY = YES;
				GCC_C_LANGUAGE_STANDARD = gnu11;
				GCC_DYNAMIC_NO_PIC = NO;
				GCC_NO_COMMON_BLOCKS = YES;
				GCC_OPTIMIZATION_LEVEL = 0;
				GCC_PREPROCESSOR_DEFINITIONS = (
					"DEBUG=1",
					"$(inherited)",
				);
				GCC_WARN_64_TO_32_BIT_CONVERSION = YES;
				GCC_WARN_ABOUT_RETURN_TYPE = YES_ERROR;
				GCC_WARN_UNDECLARED_SELECTOR = YES;
				GCC_WARN_UNINITIALIZED_AUTOS = YES_AGGRESSIVE;
				GCC_WARN_UNUSED_FUNCTION = YES;
				GCC_WARN_UNUSED_VARIABLE = YES;
				IPHONEOS_DEPLOYMENT_TARGET = 8.0;
				MTL_ENABLE_DEBUG_INFO = INCLUDE_SOURCE;
				MTL_FAST_MATH = YES;
				ONLY_ACTIVE_ARCH = YES;
				SDKROOT = iphoneos;
			};
			name = Debug;
		};
		352C50BA224CAFAD00396171 /* Release */ = {
			isa = XCBuildConfiguration;
			buildSettings = {
				ALWAYS_SEARCH_USER_PATHS = NO;
				CLANG_ANALYZER_NONNULL = YES;
				CLANG_ANALYZER_NUMBER_OBJECT_CONVERSION = YES_AGGRESSIVE;
				CLANG_CXX_LANGUAGE_STANDARD = "gnu++14";
				CLANG_CXX_LIBRARY = "libc++";
				CLANG_ENABLE_MODULES = YES;
				CLANG_ENABLE_OBJC_ARC = YES;
				CLANG_ENABLE_OBJC_WEAK = YES;
				CLANG_WARN_BLOCK_CAPTURE_AUTORELEASING = YES;
				CLANG_WARN_BOOL_CONVERSION = YES;
				CLANG_WARN_COMMA = YES;
				CLANG_WARN_CONSTANT_CONVERSION = YES;
				CLANG_WARN_DEPRECATED_OBJC_IMPLEMENTATIONS = YES;
				CLANG_WARN_DIRECT_OBJC_ISA_USAGE = YES_ERROR;
				CLANG_WARN_DOCUMENTATION_COMMENTS = YES;
				CLANG_WARN_EMPTY_BODY = YES;
				CLANG_WARN_ENUM_CONVERSION = YES;
				CLANG_WARN_INFINITE_RECURSION = YES;
				CLANG_WARN_INT_CONVERSION = YES;
				CLANG_WARN_NON_LITERAL_NULL_CONVERSION = YES;
				CLANG_WARN_OBJC_IMPLICIT_RETAIN_SELF = YES;
				CLANG_WARN_OBJC_LITERAL_CONVERSION = YES;
				CLANG_WARN_OBJC_ROOT_CLASS = YES_ERROR;
				CLANG_WARN_RANGE_LOOP_ANALYSIS = YES;
				CLANG_WARN_STRICT_PROTOTYPES = YES;
				CLANG_WARN_SUSPICIOUS_MOVE = YES;
				CLANG_WARN_UNGUARDED_AVAILABILITY = YES_AGGRESSIVE;
				CLANG_WARN_UNREACHABLE_CODE = YES;
				CLANG_WARN__DUPLICATE_METHOD_MATCH = YES;
				CODE_SIGN_IDENTITY = "iPhone Developer";
				COPY_PHASE_STRIP = NO;
				DEBUG_INFORMATION_FORMAT = "dwarf-with-dsym";
				ENABLE_NS_ASSERTIONS = NO;
				ENABLE_STRICT_OBJC_MSGSEND = YES;
				GCC_C_LANGUAGE_STANDARD = gnu11;
				GCC_NO_COMMON_BLOCKS = YES;
				GCC_WARN_64_TO_32_BIT_CONVERSION = YES;
				GCC_WARN_ABOUT_RETURN_TYPE = YES_ERROR;
				GCC_WARN_UNDECLARED_SELECTOR = YES;
				GCC_WARN_UNINITIALIZED_AUTOS = YES_AGGRESSIVE;
				GCC_WARN_UNUSED_FUNCTION = YES;
				GCC_WARN_UNUSED_VARIABLE = YES;
				IPHONEOS_DEPLOYMENT_TARGET = 8.0;
				MTL_ENABLE_DEBUG_INFO = NO;
				MTL_FAST_MATH = YES;
				SDKROOT = iphoneos;
				VALIDATE_PRODUCT = YES;
			};
			name = Release;
		};
		352C50BC224CAFAD00396171 /* Debug */ = {
			isa = XCBuildConfiguration;
			buildSettings = {
				CODE_SIGN_STYLE = Automatic;
				DEVELOPMENT_TEAM = 65RJX5V69R;
				FRAMEWORK_SEARCH_PATHS = (
					"$(inherited)",
					"$(PROJECT_DIR)/Frameworks",
				);
				GCC_PREPROCESSOR_DEFINITIONS = "XcodeTheos=1";
				HEADER_SEARCH_PATHS = (
					"$(PROJECT_DIR)/Libraries/WCBStatic/include",
					"$(PROJECT_DIR)/Libraries/WCBDyLib/include",
				);
				LIBRARY_SEARCH_PATHS = (
					"$(inherited)",
					"$(PROJECT_DIR)/Libraries/WCBStatic",
					"$(PROJECT_DIR)/Libraries/WCBDyLib",
				);
				OTHER_LDFLAGS = "-ObjC";
				PRODUCT_NAME = "$(TARGET_NAME)";
				SKIP_INSTALL = YES;
				TARGETED_DEVICE_FAMILY = "1,2";
			};
			name = Debug;
		};
		352C50BD224CAFAD00396171 /* Release */ = {
			isa = XCBuildConfiguration;
			buildSettings = {
				CODE_SIGN_STYLE = Automatic;
				DEVELOPMENT_TEAM = 65RJX5V69R;
				FRAMEWORK_SEARCH_PATHS = (
					"$(inherited)",
					"$(PROJECT_DIR)/Frameworks",
				);
				GCC_PREPROCESSOR_DEFINITIONS = "XcodeTheos=1";
				HEADER_SEARCH_PATHS = (
					"$(PROJECT_DIR)/Libraries/WCBStatic/include",
					"$(PROJECT_DIR)/Libraries/WCBDyLib/include",
				);
				LIBRARY_SEARCH_PATHS = (
					"$(inherited)",
					"$(PROJECT_DIR)/Libraries/WCBStatic",
					"$(PROJECT_DIR)/Libraries/WCBDyLib",
				);
				OTHER_LDFLAGS = "-ObjC";
				PRODUCT_NAME = "$(TARGET_NAME)";
				SKIP_INSTALL = YES;
				TARGETED_DEVICE_FAMILY = "1,2";
			};
			name = Release;
		};
/* End XCBuildConfiguration section */

/* Begin XCConfigurationList section */
		352C50AD224CAFAD00396171 /* Build configuration list for PBXProject "WeChatBot" */ = {
			isa = XCConfigurationList;
			buildConfigurations = (
				352C50B9224CAFAD00396171 /* Debug */,
				352C50BA224CAFAD00396171 /* Release */,
			);
			defaultConfigurationIsVisible = 0;
			defaultConfigurationName = Release;
		};
		352C50BB224CAFAD00396171 /* Build configuration list for PBXNativeTarget "WeChatBot" */ = {
			isa = XCConfigurationList;
			buildConfigurations = (
				352C50BC224CAFAD00396171 /* Debug */,
				352C50BD224CAFAD00396171 /* Release */,
			);
			defaultConfigurationIsVisible = 0;
			defaultConfigurationName = Release;
		};
/* End XCConfigurationList section */
	};
	rootObject = 352C50AA224CAFAD00396171 /* Project object */;
}
